
Microsoft Visual Studio Solution File, Format Version 12.00
# Visual Studio Version 16
VisualStudioVersion = 16.0.31112.23
MinimumVisualStudioVersion = 10.0.40219.1
Project("{9A19103F-16F7-4668-BE54-9A1E7A4F7556}") = "RecipesProject", "RecipesProject.csproj", "{168FE2FA-F6D6-4D81-800F-54BE6C6FE084}"
EndProject
Global
	GlobalSection(SolutionConfigurationPlatforms) = preSolution
		Debug|Any CPU = Debug|Any CPU
		Release|Any CPU = Release|Any CPU
	EndGlobalSection
	GlobalSection(ProjectConfigurationPlatforms) = postSolution
		{168FE2FA-F6D6-4D81-800F-54BE6C6FE084}.Debug|Any CPU.ActiveCfg = Debug|Any CPU
		{168FE2FA-F6D6-4D81-800F-54BE6C6FE084}.Debug|Any CPU.Build.0 = Debug|Any CPU
		{168FE2FA-F6D6-4D81-800F-54BE6C6FE084}.Release|Any CPU.ActiveCfg = Release|Any CPU
		{168FE2FA-F6D6-4D81-800F-54BE6C6FE084}.Release|Any CPU.Build.0 = Release|Any CPU
	EndGlobalSection
	GlobalSection(SolutionProperties) = preSolution
		HideSolutionNode = FALSE
	EndGlobalSection
	GlobalSection(ExtensibilityGlobals) = postSolution
		SolutionGuid = {7350DFEA-FC46-4F86-926E-ADBBA05DDBD2}
	EndGlobalSection
EndGlobal
